
Microsoft Visual Studio Solution File, Format Version 12.00
# Visual Studio Version 16
VisualStudioVersion = 16.0.30104.148
MinimumVisualStudioVersion = 10.0.40219.1
Project("{FAE04EC0-301F-11D3-BF4B-00C04F79EFBC}") = "MusicLibraryMerge", "MusicLibraryMerge\MusicLibraryMerge.csproj", "{983A5AEE-662B-4E67-9903-7FBD0637747C}"
	ProjectSection(ProjectDependencies) = postProject
		{F7937AFC-5175-490B-A51F-E278A9E6B477} = {F7937AFC-5175-490B-A51F-E278A9E6B477}
	EndProjectSection
EndProject
Project("{FAE04EC0-301F-11D3-BF4B-00C04F79EFBC}") = "ID3Class", "..\ID3Class\ID3Class\ID3Class.csproj", "{F7937AFC-5175-490B-A51F-E278A9E6B477}"
EndProject
Global
	GlobalSection(SolutionConfigurationPlatforms) = preSolution
		Debug|Any CPU = Debug|Any CPU
		Release|Any CPU = Release|Any CPU
	EndGlobalSection
	GlobalSection(ProjectConfigurationPlatforms) = postSolution
		{983A5AEE-662B-4E67-9903-7FBD0637747C}.Debug|Any CPU.ActiveCfg = Debug|Any CPU
		{983A5AEE-662B-4E67-9903-7FBD0637747C}.Debug|Any CPU.Build.0 = Debug|Any CPU
		{983A5AEE-662B-4E67-9903-7FBD0637747C}.Release|Any CPU.ActiveCfg = Release|Any CPU
		{983A5AEE-662B-4E67-9903-7FBD0637747C}.Release|Any CPU.Build.0 = Release|Any CPU
		{F7937AFC-5175-490B-A51F-E278A9E6B477}.Debug|Any CPU.ActiveCfg = Debug|Any CPU
		{F7937AFC-5175-490B-A51F-E278A9E6B477}.Debug|Any CPU.Build.0 = Debug|Any CPU
		{F7937AFC-5175-490B-A51F-E278A9E6B477}.Release|Any CPU.ActiveCfg = Release|Any CPU
		{F7937AFC-5175-490B-A51F-E278A9E6B477}.Release|Any CPU.Build.0 = Release|Any CPU
	EndGlobalSection
	GlobalSection(SolutionProperties) = preSolution
		HideSolutionNode = FALSE
	EndGlobalSection
	GlobalSection(ExtensibilityGlobals) = postSolution
		SolutionGuid = {86094B09-F664-4013-A71A-12D53FF98451}
	EndGlobalSection
EndGlobal
